
Microsoft Visual Studio Solution File, Format Version 12.00
# Visual Studio Version 16
VisualStudioVersion = 16.0.29609.76
MinimumVisualStudioVersion = 10.0.40219.1
Project("{FAE04EC0-301F-11D3-BF4B-00C04F79EFBC}") = "HW_1.3_26-01-2021", "HW_1.3_26-01-2021\HW_1.3_26-01-2021.csproj", "{F2C15DA4-D4FD-4E80-BD81-BEC6EA966883}"
EndProject
Global
	GlobalSection(SolutionConfigurationPlatforms) = preSolution
		Debug|Any CPU = Debug|Any CPU
		Release|Any CPU = Release|Any CPU
	EndGlobalSection
	GlobalSection(ProjectConfigurationPlatforms) = postSolution
		{F2C15DA4-D4FD-4E80-BD81-BEC6EA966883}.Debug|Any CPU.ActiveCfg = Debug|Any CPU
		{F2C15DA4-D4FD-4E80-BD81-BEC6EA966883}.Debug|Any CPU.Build.0 = Debug|Any CPU
		{F2C15DA4-D4FD-4E80-BD81-BEC6EA966883}.Release|Any CPU.ActiveCfg = Release|Any CPU
		{F2C15DA4-D4FD-4E80-BD81-BEC6EA966883}.Release|Any CPU.Build.0 = Release|Any CPU
	EndGlobalSection
	GlobalSection(SolutionProperties) = preSolution
		HideSolutionNode = FALSE
	EndGlobalSection
	GlobalSection(ExtensibilityGlobals) = postSolution
		SolutionGuid = {54E628CD-96C9-40B3-BB06-7BE41AB06E39}
	EndGlobalSection
EndGlobal
